// !$*UTF8*$!
{
	archiveVersion = 1;
	classes = {
	};
	objectVersion = 46;
	objects = {

/* Begin PBXBuildFile section */
		70E9EACA1DB9CBEC005B8D6C /* main.m in Sources */ = {isa = PBXBuildFile; fileRef = 70E9EAC91DB9CBEC005B8D6C /* main.m */; };
		70E9EAD21DB9CC05005B8D6C /* Checker.m in Sources */ = {isa = PBXBuildFile; fileRef = 70E9EAD11DB9CC05005B8D6C /* Checker.m */; };
		70E9EAD51DB9D3DA005B8D6C /* Node.m in Sources */ = {isa = PBXBuildFile; fileRef = 70E9EAD41DB9D3DA005B8D6C /* Node.m */; };
/* End PBXBuildFile section */

/* Begin PBXCopyFilesBuildPhase section */
		70E9EAC41DB9CBEC005B8D6C /* CopyFiles */ = {
			isa = PBXCopyFilesBuildPhase;
			buildActionMask = 2147483647;
			dstPath = /usr/share/man/man1/;
			dstSubfolderSpec = 0;
			files = (
			);
			runOnlyForDeploymentPostprocessing = 1;
		};
/* End PBXCopyFilesBuildPhase section */

/* Begin PBXFileReference section */
		70E9EAC61DB9CBEC005B8D6C /* Palindrome */ = {isa = PBXFileReference; explicitFileType = "compiled.mach-o.executable"; includeInIndex = 0; path = Palindrome; sourceTree = BUILT_PRODUCTS_DIR; };
		70E9EAC91DB9CBEC005B8D6C /* main.m */ = {isa = PBXFileReference; lastKnownFileType = sourcecode.c.objc; path = main.m; sourceTree = "<group>"; };
		70E9EAD01DB9CC05005B8D6C /* Checker.h */ = {isa = PBXFileReference; fileEncoding = 4; lastKnownFileType = sourcecode.c.h; path = Checker.h; sourceTree = "<group>"; };
		70E9EAD11DB9CC05005B8D6C /* Checker.m */ = {isa = PBXFileReference; fileEncoding = 4; lastKnownFileType = sourcecode.c.objc; path = Checker.m; sourceTree = "<group>"; };
		70E9EAD31DB9D3DA005B8D6C /* Node.h */ = {isa = PBXFileReference; fileEncoding = 4; lastKnownFileType = sourcecode.c.h; path = Node.h; sourceTree = "<group>"; };
		70E9EAD41DB9D3DA005B8D6C /* Node.m */ = {isa = PBXFileReference; fileEncoding = 4; lastKnownFileType = sourcecode.c.objc; path = Node.m; sourceTree = "<group>"; };
/* End PBXFileReference section */

/* Begin PBXFrameworksBuildPhase section */
		70E9EAC31DB9CBEC005B8D6C /* Frameworks */ = {
			isa = PBXFrameworksBuildPhase;
			buildActionMask = 2147483647;
			files = (
			);
			runOnlyForDeploymentPostprocessing = 0;
		};
/* End PBXFrameworksBuildPhase section */

/* Begin PBXGroup section */
		70E9EABD1DB9CBEC005B8D6C = {
			isa = PBXGroup;
			children = (
				70E9EAC81DB9CBEC005B8D6C /* Palindrome */,
				70E9EAC71DB9CBEC005B8D6C /* Products */,
			);
			sourceTree = "<group>";
		};
		70E9EAC71DB9CBEC005B8D6C /* Products */ = {
			isa = PBXGroup;
			children = (
				70E9EAC61DB9CBEC005B8D6C /* Palindrome */,
			);
			name = Products;
			sourceTree = "<group>";
		};
		70E9EAC81DB9CBEC005B8D6C /* Palindrome */ = {
			isa = PBXGroup;
			children = (
				70E9EAC91DB9CBEC005B8D6C /* main.m */,
				70E9EAD01DB9CC05005B8D6C /* Checker.h */,
				70E9EAD11DB9CC05005B8D6C /* Checker.m */,
				70E9EAD31DB9D3DA005B8D6C /* Node.h */,
				70E9EAD41DB9D3DA005B8D6C /* Node.m */,
			);
			path = Palindrome;
			sourceTree = "<group>";
		};
/* End PBXGroup section */

/* Begin PBXNativeTarget section */
		70E9EAC51DB9CBEC005B8D6C /* Palindrome */ = {
			isa = PBXNativeTarget;
			buildConfigurationList = 70E9EACD1DB9CBEC005B8D6C /* Build configuration list for PBXNativeTarget "Palindrome" */;
			buildPhases = (
				70E9EAC21DB9CBEC005B8D6C /* Sources */,
				70E9EAC31DB9CBEC005B8D6C /* Frameworks */,
				70E9EAC41DB9CBEC005B8D6C /* CopyFiles */,
			);
			buildRules = (
			);
			dependencies = (
			);
			name = Palindrome;
			productName = Palindrome;
			productReference = 70E9EAC61DB9CBEC005B8D6C /* Palindrome */;
			productType = "com.apple.product-type.tool";
		};
/* End PBXNativeTarget section */

/* Begin PBXProject section */
		70E9EABE1DB9CBEC005B8D6C /* Project object */ = {
			isa = PBXProject;
			attributes = {
				LastUpgradeCheck = 0730;
				ORGANIZATIONNAME = "BridgeLabz Solution LLP";
				TargetAttributes = {
					70E9EAC51DB9CBEC005B8D6C = {
						CreatedOnToolsVersion = 7.3.1;
					};
				};
			};
			buildConfigurationList = 70E9EAC11DB9CBEC005B8D6C /* Build configuration list for PBXProject "Palindrome" */;
			compatibilityVersion = "Xcode 3.2";
			developmentRegion = English;
			hasScannedForEncodings = 0;
			knownRegions = (
				en,
			);
			mainGroup = 70E9EABD1DB9CBEC005B8D6C;
			productRefGroup = 70E9EAC71DB9CBEC005B8D6C /* Products */;
			projectDirPath = "";
			projectRoot = "";
			targets = (
				70E9EAC51DB9CBEC005B8D6C /* Palindrome */,
			);
		};
/* End PBXProject section */

/* Begin PBXSourcesBuildPhase section */
		70E9EAC21DB9CBEC005B8D6C /* Sources */ = {
			isa = PBXSourcesBuildPhase;
			buildActionMask = 2147483647;
			files = (
				70E9EACA1DB9CBEC005B8D6C /* main.m in Sources */,
				70E9EAD21DB9CC05005B8D6C /* Checker.m in Sources */,
				70E9EAD51DB9D3DA005B8D6C /* Node.m in Sources */,
			);
			runOnlyForDeploymentPostprocessing = 0;
		};
/* End PBXSourcesBuildPhase section */

/* Begin XCBuildConfiguration section */
		70E9EACB1DB9CBEC005B8D6C /* Debug */ = {
			isa = XCBuildConfiguration;
			buildSettings = {
				ALWAYS_SEARCH_USER_PATHS = NO;
				CLANG_ANALYZER_NONNULL = YES;
				CLANG_CXX_LANGUAGE_STANDARD = "gnu++0x";
				CLANG_CXX_LIBRARY = "libc++";
				CLANG_ENABLE_MODULES = YES;
				CLANG_ENABLE_OBJC_ARC = YES;
				CLANG_WARN_BOOL_CONVERSION = YES;
				CLANG_WARN_CONSTANT_CONVERSION = YES;
				CLANG_WARN_DIRECT_OBJC_ISA_USAGE = YES_ERROR;
				CLANG_WARN_EMPTY_BODY = YES;
				CLANG_WARN_ENUM_CONVERSION = YES;
				CLANG_WARN_INT_CONVERSION = YES;
				CLANG_WARN_OBJC_ROOT_CLASS = YES_ERROR;
				CLANG_WARN_UNREACHABLE_CODE = YES;
				CLANG_WARN__DUPLICATE_METHOD_MATCH = YES;
				CODE_SIGN_IDENTITY = "-";
				COPY_PHASE_STRIP = NO;
				DEBUG_INFORMATION_FORMAT = dwarf;
				ENABLE_STRICT_OBJC_MSGSEND = YES;
				ENABLE_TESTABILITY = YES;
				GCC_C_LANGUAGE_STANDARD = gnu99;
				GCC_DYNAMIC_NO_PIC = NO;
				GCC_NO_COMMON_BLOCKS = YES;
				GCC_OPTIMIZATION_LEVEL = 0;
				GCC_PREPROCESSOR_DEFINITIONS = (
					"DEBUG=1",
					"$(inherited)",
				);
				GCC_WARN_64_TO_32_BIT_CONVERSION = YES;
				GCC_WARN_ABOUT_RETURN_TYPE = YES_ERROR;
				GCC_WARN_UNDECLARED_SELECTOR = YES;
				GCC_WARN_UNINITIALIZED_AUTOS = YES_AGGRESSIVE;
				GCC_WARN_UNUSED_FUNCTION = YES;
				GCC_WARN_UNUSED_VARIABLE = YES;
				MACOSX_DEPLOYMENT_TARGET = 10.11;
				MTL_ENABLE_DEBUG_INFO = YES;
				ONLY_ACTIVE_ARCH = YES;
				SDKROOT = macosx;
			};
			name = Debug;
		};
		70E9EACC1DB9CBEC005B8D6C /* Release */ = {
			isa = XCBuildConfiguration;
			buildSettings = {
				ALWAYS_SEARCH_USER_PATHS = NO;
				CLANG_ANALYZER_NONNULL = YES;
				CLANG_CXX_LANGUAGE_STANDARD = "gnu++0x";
				CLANG_CXX_LIBRARY = "libc++";
				CLANG_ENABLE_MODULES = YES;
				CLANG_ENABLE_OBJC_ARC = YES;
				CLANG_WARN_BOOL_CONVERSION = YES;
				CLANG_WARN_CONSTANT_CONVERSION = YES;
				CLANG_WARN_DIRECT_OBJC_ISA_USAGE = YES_ERROR;
				CLANG_WARN_EMPTY_BODY = YES;
				CLANG_WARN_ENUM_CONVERSION = YES;
				CLANG_WARN_INT_CONVERSION = YES;
				CLANG_WARN_OBJC_ROOT_CLASS = YES_ERROR;
				CLANG_WARN_UNREACHABLE_CODE = YES;
				CLANG_WARN__DUPLICATE_METHOD_MATCH = YES;
				CODE_SIGN_IDENTITY = "-";
				COPY_PHASE_STRIP = NO;
				DEBUG_INFORMATION_FORMAT = "dwarf-with-dsym";
				ENABLE_NS_ASSERTIONS = NO;
				ENABLE_STRICT_OBJC_MSGSEND = YES;
				GCC_C_LANGUAGE_STANDARD = gnu99;
				GCC_NO_COMMON_BLOCKS = YES;
				GCC_WARN_64_TO_32_BIT_CONVERSION = YES;
				GCC_WARN_ABOUT_RETURN_TYPE = YES_ERROR;
				GCC_WARN_UNDECLARED_SELECTOR = YES;
				GCC_WARN_UNINITIALIZED_AUTOS = YES_AGGRESSIVE;
				GCC_WARN_UNUSED_FUNCTION = YES;
				GCC_WARN_UNUSED_VARIABLE = YES;
				MACOSX_DEPLOYMENT_TARGET = 10.11;
				MTL_ENABLE_DEBUG_INFO = NO;
				SDKROOT = macosx;
			};
			name = Release;
		};
		70E9EACE1DB9CBEC005B8D6C /* Debug */ = {
			isa = XCBuildConfiguration;
			buildSettings = {
				PRODUCT_NAME = "$(TARGET_NAME)";
			};
			name = Debug;
		};
		70E9EACF1DB9CBEC005B8D6C /* Release */ = {
			isa = XCBuildConfiguration;
			buildSettings = {
				PRODUCT_NAME = "$(TARGET_NAME)";
			};
			name = Release;
		};
/* End XCBuildConfiguration section */

/* Begin XCConfigurationList section */
		70E9EAC11DB9CBEC005B8D6C /* Build configuration list for PBXProject "Palindrome" */ = {
			isa = XCConfigurationList;
			buildConfigurations = (
				70E9EACB1DB9CBEC005B8D6C /* Debug */,
				70E9EACC1DB9CBEC005B8D6C /* Release */,
			);
			defaultConfigurationIsVisible = 0;
			defaultConfigurationName = Release;
		};
		70E9EACD1DB9CBEC005B8D6C /* Build configuration list for PBXNativeTarget "Palindrome" */ = {
			isa = XCConfigurationList;
			buildConfigurations = (
				70E9EACE1DB9CBEC005B8D6C /* Debug */,
				70E9EACF1DB9CBEC005B8D6C /* Release */,
			);
			defaultConfigurationIsVisible = 0;
		};
/* End XCConfigurationList section */
	};
	rootObject = 70E9EABE1DB9CBEC005B8D6C /* Project object */;
}
